("quicklisp" .
 (:class qlot.source.ql:source-ql-all
  :initargs (:project-name "quicklisp" :%version :latest)
  :version "2018-07-11"))
("caveman2" .
 (:class qlot.source.github:source-github
  :initargs (:project-name "caveman2" :repos "fukamachi/caveman" :ref nil :branch nil :tag nil)
  :version "github-874098a0ee271e4085ca9e2e9f640b8bad2cc5fd"
  :repos "fukamachi/caveman"
  :url "https://github.com/fukamachi/caveman/archive/874098a0ee271e4085ca9e2e9f640b8bad2cc5fd.tar.gz"
  :ref "874098a0ee271e4085ca9e2e9f640b8bad2cc5fd"))
("jsown" .
 (:class qlot.source.ql:source-ql
  :initargs (:project-name "jsown" :%version :latest)
  :version "ql-2018-07-11"))
("prove" .
 (:class qlot.source.ql:source-ql
  :initargs (:project-name "prove" :%version :latest)
  :version "ql-2018-07-11"))
("alexandria" .
 (:class qlot.source.ql:source-ql
  :initargs (:project-name "alexandria" :%version :latest)
  :version "ql-2018-07-11"))
("anaphora" .
 (:class qlot.source.ql:source-ql
  :initargs (:project-name "anaphora" :%version :latest)
  :version "ql-2018-07-11"))
